
Microsoft Visual Studio Solution File, Format Version 12.00
# Visual Studio Version 16
VisualStudioVersion = 16.0.30114.105
MinimumVisualStudioVersion = 10.0.40219.1
Project("{FAE04EC0-301F-11D3-BF4B-00C04F79EFBC}") = "Test.Domain", "Test.Domain\Test.Domain.csproj", "{60796273-E73F-4AB9-8485-270954CF5791}"
EndProject
Project("{FAE04EC0-301F-11D3-BF4B-00C04F79EFBC}") = "Test.Infra", "Test.Infra\Test.Infra.csproj", "{B2F25A35-214A-4E4F-A4D0-A3136810EC52}"
EndProject
Project("{FAE04EC0-301F-11D3-BF4B-00C04F79EFBC}") = "Test.Api", "Test.Api\Test.Api.csproj", "{22446823-3EE7-444A-83F1-16E692907CA3}"
EndProject
Global
	GlobalSection(SolutionConfigurationPlatforms) = preSolution
		Debug|Any CPU = Debug|Any CPU
		Release|Any CPU = Release|Any CPU
	EndGlobalSection
	GlobalSection(SolutionProperties) = preSolution
		HideSolutionNode = FALSE
	EndGlobalSection
	GlobalSection(ProjectConfigurationPlatforms) = postSolution
		{60796273-E73F-4AB9-8485-270954CF5791}.Debug|Any CPU.ActiveCfg = Debug|Any CPU
		{60796273-E73F-4AB9-8485-270954CF5791}.Debug|Any CPU.Build.0 = Debug|Any CPU
		{60796273-E73F-4AB9-8485-270954CF5791}.Release|Any CPU.ActiveCfg = Release|Any CPU
		{60796273-E73F-4AB9-8485-270954CF5791}.Release|Any CPU.Build.0 = Release|Any CPU
		{B2F25A35-214A-4E4F-A4D0-A3136810EC52}.Debug|Any CPU.ActiveCfg = Debug|Any CPU
		{B2F25A35-214A-4E4F-A4D0-A3136810EC52}.Debug|Any CPU.Build.0 = Debug|Any CPU
		{B2F25A35-214A-4E4F-A4D0-A3136810EC52}.Release|Any CPU.ActiveCfg = Release|Any CPU
		{B2F25A35-214A-4E4F-A4D0-A3136810EC52}.Release|Any CPU.Build.0 = Release|Any CPU
		{22446823-3EE7-444A-83F1-16E692907CA3}.Debug|Any CPU.ActiveCfg = Debug|Any CPU
		{22446823-3EE7-444A-83F1-16E692907CA3}.Debug|Any CPU.Build.0 = Debug|Any CPU
		{22446823-3EE7-444A-83F1-16E692907CA3}.Release|Any CPU.ActiveCfg = Release|Any CPU
		{22446823-3EE7-444A-83F1-16E692907CA3}.Release|Any CPU.Build.0 = Release|Any CPU
	EndGlobalSection
EndGlobal
